
Microsoft Visual Studio Solution File, Format Version 12.00
# Visual Studio 15
VisualStudioVersion = 15.0.27703.2018
MinimumVisualStudioVersion = 10.0.40219.1
Project("{FAE04EC0-301F-11D3-BF4B-00C04F79EFBC}") = "FlvFileMerge", "FlvFileMerge\FlvFileMerge.csproj", "{0AA2692C-3DA3-46BE-979A-211E1DCF44D8}"
EndProject
Global
	GlobalSection(SolutionConfigurationPlatforms) = preSolution
		Debug|Any CPU = Debug|Any CPU
		Release|Any CPU = Release|Any CPU
	EndGlobalSection
	GlobalSection(ProjectConfigurationPlatforms) = postSolution
		{0AA2692C-3DA3-46BE-979A-211E1DCF44D8}.Debug|Any CPU.ActiveCfg = Debug|Any CPU
		{0AA2692C-3DA3-46BE-979A-211E1DCF44D8}.Debug|Any CPU.Build.0 = Debug|Any CPU
		{0AA2692C-3DA3-46BE-979A-211E1DCF44D8}.Release|Any CPU.ActiveCfg = Release|Any CPU
		{0AA2692C-3DA3-46BE-979A-211E1DCF44D8}.Release|Any CPU.Build.0 = Release|Any CPU
	EndGlobalSection
	GlobalSection(SolutionProperties) = preSolution
		HideSolutionNode = FALSE
	EndGlobalSection
	GlobalSection(ExtensibilityGlobals) = postSolution
		SolutionGuid = {1CF4B11F-751E-4A40-A587-E830E421B1CF}
	EndGlobalSection
EndGlobal
